{
  "version": 4,
  "terraform_version": "1.7.1",
  "serial": 4,
  "lineage": "8ecf26ea-8a3b-8e4d-b594-f5b3c76c9f07",
  "outputs": {},
  "resources": [
    {
      "mode": "managed",
      "type": "local_file",
      "name": "test",
      "provider": "provider[\"registry.terraform.io/hashicorp/local\"]",
      "instances": [
        {
          "schema_version": 0,
          "attributes": {
            "content": "this is the test file",
            "content_base64": null,
            "content_base64sha256": "9vcvjIA4NxE6N73qbBe4ReO/pHFEI/52n6kE5GAk74A=",
            "content_base64sha512": "Ykx8N/lmsivUYpGd0Lvsjz61kpJjbA/MkaHMO6BvcwyE+VW1ap/dYb2anJXxOB7UzF/44XEnbxvNJtPtXN536A==",
            "content_md5": "9bb57375a0c0b98396f7eb9da76df262",
            "content_sha1": "2c1b3649dc849c1cf862b94d88d2d00812127f9f",
            "content_sha256": "f6f72f8c803837113a37bdea6c17b845e3bfa4714423fe769fa904e46024ef80",
            "content_sha512": "624c7c37f966b22bd462919dd0bbec8f3eb59292636c0fcc91a1cc3ba06f730c84f955b56a9fdd61bd9a9c95f1381ed4cc5ff8e171276f1bcd26d3ed5cde77e8",
            "directory_permission": "0777",
            "file_permission": "0777",
            "filename": "test.txt",
            "id": "2c1b3649dc849c1cf862b94d88d2d00812127f9f",
            "sensitive_content": null,
            "source": null
          },
          "sensitive_attributes": []
        }
      ]
    }
  ],
  "check_results": null
}
